
Microsoft Visual Studio Solution File, Format Version 12.00
# Visual Studio 15
VisualStudioVersion = 15.0.28307.489
MinimumVisualStudioVersion = 10.0.40219.1
Project("{FAE04EC0-301F-11D3-BF4B-00C04F79EFBC}") = "CargoTradesTest.Android", "CargoTradesTest\CargoTradesTest.Android\CargoTradesTest.Android.csproj", "{ED37AA4A-2AD9-4372-824D-072F52CB355E}"
EndProject
Project("{FAE04EC0-301F-11D3-BF4B-00C04F79EFBC}") = "CargoTradesTest.UWP", "CargoTradesTest\CargoTradesTest.UWP\CargoTradesTest.UWP.csproj", "{D58E55CE-F1F1-4411-BC99-CDDBF98348EC}"
EndProject
Project("{FAE04EC0-301F-11D3-BF4B-00C04F79EFBC}") = "CargoTradesTest", "CargoTradesTest\CargoTradesTest\CargoTradesTest.csproj", "{1AB9CD70-AF0D-4967-95DB-BC4E2EA0A26A}"
EndProject
Project("{FAE04EC0-301F-11D3-BF4B-00C04F79EFBC}") = "WebServer", "WebServer\WebServer.csproj", "{323CC38F-8972-47A9-9608-52B9A386DE56}"
EndProject
Project("{FAE04EC0-301F-11D3-BF4B-00C04F79EFBC}") = "Shared", "Shared\Shared.csproj", "{D6A672AF-4FA0-40BD-B30E-3F21453CAE1D}"
EndProject
Project("{2150E333-8FDC-42A3-9474-1A3956D46DE8}") = "Solution Items", "Solution Items", "{6AC22F07-1BD7-4B9F-BB85-71D74E983C32}"
	ProjectSection(SolutionItems) = preProject
		readMe.txt = readMe.txt
	EndProjectSection
EndProject
Global
	GlobalSection(SolutionConfigurationPlatforms) = preSolution
		Debug|Any CPU = Debug|Any CPU
		Debug|ARM = Debug|ARM
		Debug|x64 = Debug|x64
		Debug|x86 = Debug|x86
		Release|Any CPU = Release|Any CPU
		Release|ARM = Release|ARM
		Release|x64 = Release|x64
		Release|x86 = Release|x86
	EndGlobalSection
	GlobalSection(ProjectConfigurationPlatforms) = postSolution
		{ED37AA4A-2AD9-4372-824D-072F52CB355E}.Debug|Any CPU.ActiveCfg = Debug|Any CPU
		{ED37AA4A-2AD9-4372-824D-072F52CB355E}.Debug|Any CPU.Build.0 = Debug|Any CPU
		{ED37AA4A-2AD9-4372-824D-072F52CB355E}.Debug|Any CPU.Deploy.0 = Debug|Any CPU
		{ED37AA4A-2AD9-4372-824D-072F52CB355E}.Debug|ARM.ActiveCfg = Debug|Any CPU
		{ED37AA4A-2AD9-4372-824D-072F52CB355E}.Debug|ARM.Build.0 = Debug|Any CPU
		{ED37AA4A-2AD9-4372-824D-072F52CB355E}.Debug|ARM.Deploy.0 = Debug|Any CPU
		{ED37AA4A-2AD9-4372-824D-072F52CB355E}.Debug|x64.ActiveCfg = Debug|Any CPU
		{ED37AA4A-2AD9-4372-824D-072F52CB355E}.Debug|x64.Build.0 = Debug|Any CPU
		{ED37AA4A-2AD9-4372-824D-072F52CB355E}.Debug|x64.Deploy.0 = Debug|Any CPU
		{ED37AA4A-2AD9-4372-824D-072F52CB355E}.Debug|x86.ActiveCfg = Debug|Any CPU
		{ED37AA4A-2AD9-4372-824D-072F52CB355E}.Debug|x86.Build.0 = Debug|Any CPU
		{ED37AA4A-2AD9-4372-824D-072F52CB355E}.Debug|x86.Deploy.0 = Debug|Any CPU
		{ED37AA4A-2AD9-4372-824D-072F52CB355E}.Release|Any CPU.ActiveCfg = Release|Any CPU
		{ED37AA4A-2AD9-4372-824D-072F52CB355E}.Release|Any CPU.Build.0 = Release|Any CPU
		{ED37AA4A-2AD9-4372-824D-072F52CB355E}.Release|Any CPU.Deploy.0 = Release|Any CPU
		{ED37AA4A-2AD9-4372-824D-072F52CB355E}.Release|ARM.ActiveCfg = Release|Any CPU
		{ED37AA4A-2AD9-4372-824D-072F52CB355E}.Release|ARM.Build.0 = Release|Any CPU
		{ED37AA4A-2AD9-4372-824D-072F52CB355E}.Release|ARM.Deploy.0 = Release|Any CPU
		{ED37AA4A-2AD9-4372-824D-072F52CB355E}.Release|x64.ActiveCfg = Release|Any CPU
		{ED37AA4A-2AD9-4372-824D-072F52CB355E}.Release|x64.Build.0 = Release|Any CPU
		{ED37AA4A-2AD9-4372-824D-072F52CB355E}.Release|x64.Deploy.0 = Release|Any CPU
		{ED37AA4A-2AD9-4372-824D-072F52CB355E}.Release|x86.ActiveCfg = Release|Any CPU
		{ED37AA4A-2AD9-4372-824D-072F52CB355E}.Release|x86.Build.0 = Release|Any CPU
		{ED37AA4A-2AD9-4372-824D-072F52CB355E}.Release|x86.Deploy.0 = Release|Any CPU
		{D58E55CE-F1F1-4411-BC99-CDDBF98348EC}.Debug|Any CPU.ActiveCfg = Debug|x86
		{D58E55CE-F1F1-4411-BC99-CDDBF98348EC}.Debug|Any CPU.Build.0 = Debug|x86
		{D58E55CE-F1F1-4411-BC99-CDDBF98348EC}.Debug|Any CPU.Deploy.0 = Debug|x86
		{D58E55CE-F1F1-4411-BC99-CDDBF98348EC}.Debug|ARM.ActiveCfg = Debug|ARM
		{D58E55CE-F1F1-4411-BC99-CDDBF98348EC}.Debug|ARM.Build.0 = Debug|ARM
		{D58E55CE-F1F1-4411-BC99-CDDBF98348EC}.Debug|ARM.Deploy.0 = Debug|ARM
		{D58E55CE-F1F1-4411-BC99-CDDBF98348EC}.Debug|x64.ActiveCfg = Debug|x64
		{D58E55CE-F1F1-4411-BC99-CDDBF98348EC}.Debug|x64.Build.0 = Debug|x64
		{D58E55CE-F1F1-4411-BC99-CDDBF98348EC}.Debug|x64.Deploy.0 = Debug|x64
		{D58E55CE-F1F1-4411-BC99-CDDBF98348EC}.Debug|x86.ActiveCfg = Debug|x86
		{D58E55CE-F1F1-4411-BC99-CDDBF98348EC}.Debug|x86.Build.0 = Debug|x86
		{D58E55CE-F1F1-4411-BC99-CDDBF98348EC}.Debug|x86.Deploy.0 = Debug|x86
		{D58E55CE-F1F1-4411-BC99-CDDBF98348EC}.Release|Any CPU.ActiveCfg = Release|x86
		{D58E55CE-F1F1-4411-BC99-CDDBF98348EC}.Release|Any CPU.Build.0 = Release|x86
		{D58E55CE-F1F1-4411-BC99-CDDBF98348EC}.Release|Any CPU.Deploy.0 = Release|x86
		{D58E55CE-F1F1-4411-BC99-CDDBF98348EC}.Release|ARM.ActiveCfg = Release|ARM
		{D58E55CE-F1F1-4411-BC99-CDDBF98348EC}.Release|ARM.Build.0 = Release|ARM
		{D58E55CE-F1F1-4411-BC99-CDDBF98348EC}.Release|ARM.Deploy.0 = Release|ARM
		{D58E55CE-F1F1-4411-BC99-CDDBF98348EC}.Release|x64.ActiveCfg = Release|x64
		{D58E55CE-F1F1-4411-BC99-CDDBF98348EC}.Release|x64.Build.0 = Release|x64
		{D58E55CE-F1F1-4411-BC99-CDDBF98348EC}.Release|x64.Deploy.0 = Release|x64
		{D58E55CE-F1F1-4411-BC99-CDDBF98348EC}.Release|x86.ActiveCfg = Release|x86
		{D58E55CE-F1F1-4411-BC99-CDDBF98348EC}.Release|x86.Build.0 = Release|x86
		{D58E55CE-F1F1-4411-BC99-CDDBF98348EC}.Release|x86.Deploy.0 = Release|x86
		{1AB9CD70-AF0D-4967-95DB-BC4E2EA0A26A}.Debug|Any CPU.ActiveCfg = Debug|Any CPU
		{1AB9CD70-AF0D-4967-95DB-BC4E2EA0A26A}.Debug|Any CPU.Build.0 = Debug|Any CPU
		{1AB9CD70-AF0D-4967-95DB-BC4E2EA0A26A}.Debug|Any CPU.Deploy.0 = Debug|Any CPU
		{1AB9CD70-AF0D-4967-95DB-BC4E2EA0A26A}.Debug|ARM.ActiveCfg = Debug|Any CPU
		{1AB9CD70-AF0D-4967-95DB-BC4E2EA0A26A}.Debug|ARM.Build.0 = Debug|Any CPU
		{1AB9CD70-AF0D-4967-95DB-BC4E2EA0A26A}.Debug|ARM.Deploy.0 = Debug|Any CPU
		{1AB9CD70-AF0D-4967-95DB-BC4E2EA0A26A}.Debug|x64.ActiveCfg = Debug|Any CPU
		{1AB9CD70-AF0D-4967-95DB-BC4E2EA0A26A}.Debug|x64.Build.0 = Debug|Any CPU
		{1AB9CD70-AF0D-4967-95DB-BC4E2EA0A26A}.Debug|x64.Deploy.0 = Debug|Any CPU
		{1AB9CD70-AF0D-4967-95DB-BC4E2EA0A26A}.Debug|x86.ActiveCfg = Debug|Any CPU
		{1AB9CD70-AF0D-4967-95DB-BC4E2EA0A26A}.Debug|x86.Build.0 = Debug|Any CPU
		{1AB9CD70-AF0D-4967-95DB-BC4E2EA0A26A}.Debug|x86.Deploy.0 = Debug|Any CPU
		{1AB9CD70-AF0D-4967-95DB-BC4E2EA0A26A}.Release|Any CPU.ActiveCfg = Release|Any CPU
		{1AB9CD70-AF0D-4967-95DB-BC4E2EA0A26A}.Release|Any CPU.Build.0 = Release|Any CPU
		{1AB9CD70-AF0D-4967-95DB-BC4E2EA0A26A}.Release|Any CPU.Deploy.0 = Release|Any CPU
		{1AB9CD70-AF0D-4967-95DB-BC4E2EA0A26A}.Release|ARM.ActiveCfg = Release|Any CPU
		{1AB9CD70-AF0D-4967-95DB-BC4E2EA0A26A}.Release|ARM.Build.0 = Release|Any CPU
		{1AB9CD70-AF0D-4967-95DB-BC4E2EA0A26A}.Release|ARM.Deploy.0 = Release|Any CPU
		{1AB9CD70-AF0D-4967-95DB-BC4E2EA0A26A}.Release|x64.ActiveCfg = Release|Any CPU
		{1AB9CD70-AF0D-4967-95DB-BC4E2EA0A26A}.Release|x64.Build.0 = Release|Any CPU
		{1AB9CD70-AF0D-4967-95DB-BC4E2EA0A26A}.Release|x64.Deploy.0 = Release|Any CPU
		{1AB9CD70-AF0D-4967-95DB-BC4E2EA0A26A}.Release|x86.ActiveCfg = Release|Any CPU
		{1AB9CD70-AF0D-4967-95DB-BC4E2EA0A26A}.Release|x86.Build.0 = Release|Any CPU
		{1AB9CD70-AF0D-4967-95DB-BC4E2EA0A26A}.Release|x86.Deploy.0 = Release|Any CPU
		{323CC38F-8972-47A9-9608-52B9A386DE56}.Debug|Any CPU.ActiveCfg = Debug|Any CPU
		{323CC38F-8972-47A9-9608-52B9A386DE56}.Debug|Any CPU.Build.0 = Debug|Any CPU
		{323CC38F-8972-47A9-9608-52B9A386DE56}.Debug|ARM.ActiveCfg = Debug|Any CPU
		{323CC38F-8972-47A9-9608-52B9A386DE56}.Debug|ARM.Build.0 = Debug|Any CPU
		{323CC38F-8972-47A9-9608-52B9A386DE56}.Debug|x64.ActiveCfg = Debug|Any CPU
		{323CC38F-8972-47A9-9608-52B9A386DE56}.Debug|x64.Build.0 = Debug|Any CPU
		{323CC38F-8972-47A9-9608-52B9A386DE56}.Debug|x86.ActiveCfg = Debug|Any CPU
		{323CC38F-8972-47A9-9608-52B9A386DE56}.Debug|x86.Build.0 = Debug|Any CPU
		{323CC38F-8972-47A9-9608-52B9A386DE56}.Release|Any CPU.ActiveCfg = Release|Any CPU
		{323CC38F-8972-47A9-9608-52B9A386DE56}.Release|Any CPU.Build.0 = Release|Any CPU
		{323CC38F-8972-47A9-9608-52B9A386DE56}.Release|ARM.ActiveCfg = Release|Any CPU
		{323CC38F-8972-47A9-9608-52B9A386DE56}.Release|ARM.Build.0 = Release|Any CPU
		{323CC38F-8972-47A9-9608-52B9A386DE56}.Release|x64.ActiveCfg = Release|Any CPU
		{323CC38F-8972-47A9-9608-52B9A386DE56}.Release|x64.Build.0 = Release|Any CPU
		{323CC38F-8972-47A9-9608-52B9A386DE56}.Release|x86.ActiveCfg = Release|Any CPU
		{323CC38F-8972-47A9-9608-52B9A386DE56}.Release|x86.Build.0 = Release|Any CPU
		{D6A672AF-4FA0-40BD-B30E-3F21453CAE1D}.Debug|Any CPU.ActiveCfg = Debug|Any CPU
		{D6A672AF-4FA0-40BD-B30E-3F21453CAE1D}.Debug|Any CPU.Build.0 = Debug|Any CPU
		{D6A672AF-4FA0-40BD-B30E-3F21453CAE1D}.Debug|ARM.ActiveCfg = Debug|Any CPU
		{D6A672AF-4FA0-40BD-B30E-3F21453CAE1D}.Debug|ARM.Build.0 = Debug|Any CPU
		{D6A672AF-4FA0-40BD-B30E-3F21453CAE1D}.Debug|x64.ActiveCfg = Debug|Any CPU
		{D6A672AF-4FA0-40BD-B30E-3F21453CAE1D}.Debug|x64.Build.0 = Debug|Any CPU
		{D6A672AF-4FA0-40BD-B30E-3F21453CAE1D}.Debug|x86.ActiveCfg = Debug|Any CPU
		{D6A672AF-4FA0-40BD-B30E-3F21453CAE1D}.Debug|x86.Build.0 = Debug|Any CPU
		{D6A672AF-4FA0-40BD-B30E-3F21453CAE1D}.Release|Any CPU.ActiveCfg = Release|Any CPU
		{D6A672AF-4FA0-40BD-B30E-3F21453CAE1D}.Release|Any CPU.Build.0 = Release|Any CPU
		{D6A672AF-4FA0-40BD-B30E-3F21453CAE1D}.Release|ARM.ActiveCfg = Release|Any CPU
		{D6A672AF-4FA0-40BD-B30E-3F21453CAE1D}.Release|ARM.Build.0 = Release|Any CPU
		{D6A672AF-4FA0-40BD-B30E-3F21453CAE1D}.Release|x64.ActiveCfg = Release|Any CPU
		{D6A672AF-4FA0-40BD-B30E-3F21453CAE1D}.Release|x64.Build.0 = Release|Any CPU
		{D6A672AF-4FA0-40BD-B30E-3F21453CAE1D}.Release|x86.ActiveCfg = Release|Any CPU
		{D6A672AF-4FA0-40BD-B30E-3F21453CAE1D}.Release|x86.Build.0 = Release|Any CPU
	EndGlobalSection
	GlobalSection(SolutionProperties) = preSolution
		HideSolutionNode = FALSE
	EndGlobalSection
	GlobalSection(ExtensibilityGlobals) = postSolution
		SolutionGuid = {758E72B9-D408-4345-8A51-F4D24B0B52B3}
	EndGlobalSection
EndGlobal
